
Microsoft Visual Studio Solution File, Format Version 12.00
# Visual Studio Version 17
VisualStudioVersion = 17.5.002.0
MinimumVisualStudioVersion = 10.0.40219.1
Project("{FAE04EC0-301F-11D3-BF4B-00C04F79EFBC}") = "Zimovka", "Zimovka.Core\Zimovka.csproj", "{35D0C95C-6B92-49E3-8D78-2E5101A56B4B}"
EndProject
Project("{FAE04EC0-301F-11D3-BF4B-00C04F79EFBC}") = "Test", "Zimovka.Test\Test.csproj", "{D0AB7210-83FC-4753-8D06-2B6EB18DF1A3}"
EndProject
Project("{FAE04EC0-301F-11D3-BF4B-00C04F79EFBC}") = "ZimovkaApi", "ZimovkaApi\ZimovkaApi.csproj", "{6FFDFF3F-17D1-4123-B129-05E75E3B4D42}"
EndProject
Global
	GlobalSection(SolutionConfigurationPlatforms) = preSolution
		Debug|Any CPU = Debug|Any CPU
		Release|Any CPU = Release|Any CPU
	EndGlobalSection
	GlobalSection(ProjectConfigurationPlatforms) = postSolution
		{35D0C95C-6B92-49E3-8D78-2E5101A56B4B}.Debug|Any CPU.ActiveCfg = Debug|Any CPU
		{35D0C95C-6B92-49E3-8D78-2E5101A56B4B}.Debug|Any CPU.Build.0 = Debug|Any CPU
		{35D0C95C-6B92-49E3-8D78-2E5101A56B4B}.Release|Any CPU.ActiveCfg = Release|Any CPU
		{35D0C95C-6B92-49E3-8D78-2E5101A56B4B}.Release|Any CPU.Build.0 = Release|Any CPU
		{D0AB7210-83FC-4753-8D06-2B6EB18DF1A3}.Debug|Any CPU.ActiveCfg = Debug|Any CPU
		{D0AB7210-83FC-4753-8D06-2B6EB18DF1A3}.Debug|Any CPU.Build.0 = Debug|Any CPU
		{D0AB7210-83FC-4753-8D06-2B6EB18DF1A3}.Release|Any CPU.ActiveCfg = Release|Any CPU
		{D0AB7210-83FC-4753-8D06-2B6EB18DF1A3}.Release|Any CPU.Build.0 = Release|Any CPU
		{6FFDFF3F-17D1-4123-B129-05E75E3B4D42}.Debug|Any CPU.ActiveCfg = Debug|Any CPU
		{6FFDFF3F-17D1-4123-B129-05E75E3B4D42}.Debug|Any CPU.Build.0 = Debug|Any CPU
		{6FFDFF3F-17D1-4123-B129-05E75E3B4D42}.Release|Any CPU.ActiveCfg = Release|Any CPU
		{6FFDFF3F-17D1-4123-B129-05E75E3B4D42}.Release|Any CPU.Build.0 = Release|Any CPU
	EndGlobalSection
	GlobalSection(SolutionProperties) = preSolution
		HideSolutionNode = FALSE
	EndGlobalSection
	GlobalSection(ExtensibilityGlobals) = postSolution
		SolutionGuid = {FB52695D-A167-43E8-A102-5252830C5B57}
	EndGlobalSection
EndGlobal
